
Microsoft Visual Studio Solution File, Format Version 12.00
# Visual Studio Version 17
VisualStudioVersion = 17.5.002.0
MinimumVisualStudioVersion = 10.0.40219.1
Project("{9A19103F-16F7-4668-BE54-9A1E7A4F7556}") = "Rdklu", "Rdklu.csproj", "{DF79C612-D076-49DC-B226-A26AFE561F3E}"
EndProject
Global
	GlobalSection(SolutionConfigurationPlatforms) = preSolution
		Debug|Any CPU = Debug|Any CPU
		Release|Any CPU = Release|Any CPU
	EndGlobalSection
	GlobalSection(ProjectConfigurationPlatforms) = postSolution
		{DF79C612-D076-49DC-B226-A26AFE561F3E}.Debug|Any CPU.ActiveCfg = Debug|Any CPU
		{DF79C612-D076-49DC-B226-A26AFE561F3E}.Debug|Any CPU.Build.0 = Debug|Any CPU
		{DF79C612-D076-49DC-B226-A26AFE561F3E}.Release|Any CPU.ActiveCfg = Release|Any CPU
		{DF79C612-D076-49DC-B226-A26AFE561F3E}.Release|Any CPU.Build.0 = Release|Any CPU
	EndGlobalSection
	GlobalSection(SolutionProperties) = preSolution
		HideSolutionNode = FALSE
	EndGlobalSection
	GlobalSection(ExtensibilityGlobals) = postSolution
		SolutionGuid = {3818DA87-82AC-43CD-B0ED-B795D0CAD571}
	EndGlobalSection
EndGlobal
